
Microsoft Visual Studio Solution File, Format Version 12.00
# Visual Studio Version 17
VisualStudioVersion = 17.14.36717.8 d17.14
MinimumVisualStudioVersion = 10.0.40219.1
Project("{FAE04EC0-301F-11D3-BF4B-00C04F79EFBC}") = "MyAcademy_MVC_CodeFirst", "MyAcademy_MVC_CodeFirst\MyAcademy_MVC_CodeFirst.csproj", "{9F45E8CB-D956-4939-B601-A3FB923932ED}"
EndProject
Global
	GlobalSection(SolutionConfigurationPlatforms) = preSolution
		Debug|Any CPU = Debug|Any CPU
		Release|Any CPU = Release|Any CPU
	EndGlobalSection
	GlobalSection(ProjectConfigurationPlatforms) = postSolution
		{9F45E8CB-D956-4939-B601-A3FB923932ED}.Debug|Any CPU.ActiveCfg = Debug|Any CPU
		{9F45E8CB-D956-4939-B601-A3FB923932ED}.Debug|Any CPU.Build.0 = Debug|Any CPU
		{9F45E8CB-D956-4939-B601-A3FB923932ED}.Release|Any CPU.ActiveCfg = Release|Any CPU
		{9F45E8CB-D956-4939-B601-A3FB923932ED}.Release|Any CPU.Build.0 = Release|Any CPU
	EndGlobalSection
	GlobalSection(SolutionProperties) = preSolution
		HideSolutionNode = FALSE
	EndGlobalSection
	GlobalSection(ExtensibilityGlobals) = postSolution
		SolutionGuid = {A1BCC3BB-1C15-4428-8C68-E688B64AA94D}
	EndGlobalSection
EndGlobal
